
Microsoft Visual Studio Solution File, Format Version 12.00
# Visual Studio Version 16
VisualStudioVersion = 16.0.32228.343
MinimumVisualStudioVersion = 10.0.40219.1
Project("{FAE04EC0-301F-11D3-BF4B-00C04F79EFBC}") = "Comments", "Comments\Comments.csproj", "{B38EAF96-7EF2-4B88-AA08-3DCB01437E57}"
EndProject
Global
	GlobalSection(SolutionConfigurationPlatforms) = preSolution
		Debug|Any CPU = Debug|Any CPU
		Release|Any CPU = Release|Any CPU
	EndGlobalSection
	GlobalSection(ProjectConfigurationPlatforms) = postSolution
		{B38EAF96-7EF2-4B88-AA08-3DCB01437E57}.Debug|Any CPU.ActiveCfg = Debug|Any CPU
		{B38EAF96-7EF2-4B88-AA08-3DCB01437E57}.Debug|Any CPU.Build.0 = Debug|Any CPU
		{B38EAF96-7EF2-4B88-AA08-3DCB01437E57}.Release|Any CPU.ActiveCfg = Release|Any CPU
		{B38EAF96-7EF2-4B88-AA08-3DCB01437E57}.Release|Any CPU.Build.0 = Release|Any CPU
	EndGlobalSection
	GlobalSection(SolutionProperties) = preSolution
		HideSolutionNode = FALSE
	EndGlobalSection
	GlobalSection(ExtensibilityGlobals) = postSolution
		SolutionGuid = {7AEFA9A3-2A5A-4D06-B2F4-6CFF84A8A49D}
	EndGlobalSection
EndGlobal
